
Microsoft Visual Studio Solution File, Format Version 12.00
# Visual Studio 15
VisualStudioVersion = 15.0.28307.271
MinimumVisualStudioVersion = 10.0.40219.1
Project("{9A19103F-16F7-4668-BE54-9A1E7A4F7556}") = "ASPMVC", "ASPMVC.csproj", "{C50721E0-595D-45B5-9339-0E1CD5441061}"
EndProject
Global
	GlobalSection(SolutionConfigurationPlatforms) = preSolution
		Debug|Any CPU = Debug|Any CPU
		Release|Any CPU = Release|Any CPU
	EndGlobalSection
	GlobalSection(ProjectConfigurationPlatforms) = postSolution
		{C50721E0-595D-45B5-9339-0E1CD5441061}.Debug|Any CPU.ActiveCfg = Debug|Any CPU
		{C50721E0-595D-45B5-9339-0E1CD5441061}.Debug|Any CPU.Build.0 = Debug|Any CPU
		{C50721E0-595D-45B5-9339-0E1CD5441061}.Release|Any CPU.ActiveCfg = Release|Any CPU
		{C50721E0-595D-45B5-9339-0E1CD5441061}.Release|Any CPU.Build.0 = Release|Any CPU
	EndGlobalSection
	GlobalSection(SolutionProperties) = preSolution
		HideSolutionNode = FALSE
	EndGlobalSection
	GlobalSection(ExtensibilityGlobals) = postSolution
		SolutionGuid = {01D7E14D-0057-4880-9503-7336B3D1A1A3}
	EndGlobalSection
EndGlobal
